// !$*UTF8*$!
{
	archiveVersion = 1;
	classes = {
	};
	objectVersion = 46;
	objects = {

/* Begin PBXBuildFile section */
		861FE3DA19CBA1BE00839E53 /* ArrayUITableViewDataSource.m in Sources */ = {isa = PBXBuildFile; fileRef = 861FE3D919CBA1BE00839E53 /* ArrayUITableViewDataSource.m */; };
		86C1E5F119D1E58C00096A8C /* TPDAppleMapsApp.m in Sources */ = {isa = PBXBuildFile; fileRef = 86C1E5E219D1E58C00096A8C /* TPDAppleMapsApp.m */; };
		86C1E5F219D1E58C00096A8C /* TPDGoogleMapsApp.m in Sources */ = {isa = PBXBuildFile; fileRef = 86C1E5E419D1E58C00096A8C /* TPDGoogleMapsApp.m */; };
		86C1E5F319D1E58C00096A8C /* TPDMapQuestMapsApp.m in Sources */ = {isa = PBXBuildFile; fileRef = 86C1E5E619D1E58C00096A8C /* TPDMapQuestMapsApp.m */; };
		86C1E5F419D1E58C00096A8C /* TPDMapsApp.m in Sources */ = {isa = PBXBuildFile; fileRef = 86C1E5E819D1E58C00096A8C /* TPDMapsApp.m */; };
		86C1E5F519D1E58C00096A8C /* TPDMotionXGPSMapsApp.m in Sources */ = {isa = PBXBuildFile; fileRef = 86C1E5EA19D1E58C00096A8C /* TPDMotionXGPSMapsApp.m */; };
		86C1E5F619D1E58C00096A8C /* TPDNavigonMapsApp.m in Sources */ = {isa = PBXBuildFile; fileRef = 86C1E5EC19D1E58C00096A8C /* TPDNavigonMapsApp.m */; };
		86C1E5F719D1E58C00096A8C /* TPDURLQueryItem.m in Sources */ = {isa = PBXBuildFile; fileRef = 86C1E5EE19D1E58C00096A8C /* TPDURLQueryItem.m */; };
		86C1E5F819D1E58C00096A8C /* TPDWazeMapsApp.m in Sources */ = {isa = PBXBuildFile; fileRef = 86C1E5F019D1E58C00096A8C /* TPDWazeMapsApp.m */; };
		86C1E5FA19D1EA0800096A8C /* TPDURLUtilities.m in Sources */ = {isa = PBXBuildFile; fileRef = 86C1E5F919D1EA0800096A8C /* TPDURLUtilities.m */; };
		86C1E5FD19D1FDDE00096A8C /* TPDURLUtilitiesTests.m in Sources */ = {isa = PBXBuildFile; fileRef = 86C1E5FC19D1FDDE00096A8C /* TPDURLUtilitiesTests.m */; };
		86DE9BEF19C9033C00ADF38E /* main.m in Sources */ = {isa = PBXBuildFile; fileRef = 86DE9BEE19C9033C00ADF38E /* main.m */; };
		86DE9BF219C9033C00ADF38E /* AppDelegate.m in Sources */ = {isa = PBXBuildFile; fileRef = 86DE9BF119C9033C00ADF38E /* AppDelegate.m */; };
		86DE9BF519C9033C00ADF38E /* ViewController.m in Sources */ = {isa = PBXBuildFile; fileRef = 86DE9BF419C9033C00ADF38E /* ViewController.m */; };
		86DE9BF819C9033C00ADF38E /* Main.storyboard in Resources */ = {isa = PBXBuildFile; fileRef = 86DE9BF619C9033C00ADF38E /* Main.storyboard */; };
		86DE9BFA19C9033C00ADF38E /* Images.xcassets in Resources */ = {isa = PBXBuildFile; fileRef = 86DE9BF919C9033C00ADF38E /* Images.xcassets */; };
		86DE9BFD19C9033C00ADF38E /* LaunchScreen.xib in Resources */ = {isa = PBXBuildFile; fileRef = 86DE9BFB19C9033C00ADF38E /* LaunchScreen.xib */; };
		86DE9C0919C9033D00ADF38E /* TPDMapsAppTests.m in Sources */ = {isa = PBXBuildFile; fileRef = 86DE9C0819C9033D00ADF38E /* TPDMapsAppTests.m */; };
/* End PBXBuildFile section */

/* Begin PBXContainerItemProxy section */
		86DE9C0319C9033D00ADF38E /* PBXContainerItemProxy */ = {
			isa = PBXContainerItemProxy;
			containerPortal = 86DE9BE119C9033C00ADF38E /* Project object */;
			proxyType = 1;
			remoteGlobalIDString = 86DE9BE819C9033C00ADF38E;
			remoteInfo = TPDMapsApp;
		};
/* End PBXContainerItemProxy section */

/* Begin PBXFileReference section */
		861FE3D819CBA1BE00839E53 /* ArrayUITableViewDataSource.h */ = {isa = PBXFileReference; fileEncoding = 4; lastKnownFileType = sourcecode.c.h; path = ArrayUITableViewDataSource.h; sourceTree = "<group>"; };
		861FE3D919CBA1BE00839E53 /* ArrayUITableViewDataSource.m */ = {isa = PBXFileReference; fileEncoding = 4; lastKnownFileType = sourcecode.c.objc; path = ArrayUITableViewDataSource.m; sourceTree = "<group>"; };
		86C1E5E119D1E58C00096A8C /* TPDAppleMapsApp.h */ = {isa = PBXFileReference; fileEncoding = 4; lastKnownFileType = sourcecode.c.h; path = TPDAppleMapsApp.h; sourceTree = "<group>"; };
		86C1E5E219D1E58C00096A8C /* TPDAppleMapsApp.m */ = {isa = PBXFileReference; fileEncoding = 4; lastKnownFileType = sourcecode.c.objc; path = TPDAppleMapsApp.m; sourceTree = "<group>"; };
		86C1E5E319D1E58C00096A8C /* TPDGoogleMapsApp.h */ = {isa = PBXFileReference; fileEncoding = 4; lastKnownFileType = sourcecode.c.h; path = TPDGoogleMapsApp.h; sourceTree = "<group>"; };
		86C1E5E419D1E58C00096A8C /* TPDGoogleMapsApp.m */ = {isa = PBXFileReference; fileEncoding = 4; lastKnownFileType = sourcecode.c.objc; path = TPDGoogleMapsApp.m; sourceTree = "<group>"; };
		86C1E5E519D1E58C00096A8C /* TPDMapQuestMapsApp.h */ = {isa = PBXFileReference; fileEncoding = 4; lastKnownFileType = sourcecode.c.h; path = TPDMapQuestMapsApp.h; sourceTree = "<group>"; };
		86C1E5E619D1E58C00096A8C /* TPDMapQuestMapsApp.m */ = {isa = PBXFileReference; fileEncoding = 4; lastKnownFileType = sourcecode.c.objc; path = TPDMapQuestMapsApp.m; sourceTree = "<group>"; };
		86C1E5E719D1E58C00096A8C /* TPDMapsApp.h */ = {isa = PBXFileReference; fileEncoding = 4; lastKnownFileType = sourcecode.c.h; path = TPDMapsApp.h; sourceTree = "<group>"; };
		86C1E5E819D1E58C00096A8C /* TPDMapsApp.m */ = {isa = PBXFileReference; fileEncoding = 4; lastKnownFileType = sourcecode.c.objc; path = TPDMapsApp.m; sourceTree = "<group>"; };
		86C1E5E919D1E58C00096A8C /* TPDMotionXGPSMapsApp.h */ = {isa = PBXFileReference; fileEncoding = 4; lastKnownFileType = sourcecode.c.h; path = TPDMotionXGPSMapsApp.h; sourceTree = "<group>"; };
		86C1E5EA19D1E58C00096A8C /* TPDMotionXGPSMapsApp.m */ = {isa = PBXFileReference; fileEncoding = 4; lastKnownFileType = sourcecode.c.objc; path = TPDMotionXGPSMapsApp.m; sourceTree = "<group>"; };
		86C1E5EB19D1E58C00096A8C /* TPDNavigonMapsApp.h */ = {isa = PBXFileReference; fileEncoding = 4; lastKnownFileType = sourcecode.c.h; path = TPDNavigonMapsApp.h; sourceTree = "<group>"; };
		86C1E5EC19D1E58C00096A8C /* TPDNavigonMapsApp.m */ = {isa = PBXFileReference; fileEncoding = 4; lastKnownFileType = sourcecode.c.objc; path = TPDNavigonMapsApp.m; sourceTree = "<group>"; };
		86C1E5ED19D1E58C00096A8C /* TPDURLQueryItem.h */ = {isa = PBXFileReference; fileEncoding = 4; lastKnownFileType = sourcecode.c.h; path = TPDURLQueryItem.h; sourceTree = "<group>"; };
		86C1E5EE19D1E58C00096A8C /* TPDURLQueryItem.m */ = {isa = PBXFileReference; fileEncoding = 4; lastKnownFileType = sourcecode.c.objc; path = TPDURLQueryItem.m; sourceTree = "<group>"; };
		86C1E5EF19D1E58C00096A8C /* TPDWazeMapsApp.h */ = {isa = PBXFileReference; fileEncoding = 4; lastKnownFileType = sourcecode.c.h; path = TPDWazeMapsApp.h; sourceTree = "<group>"; };
		86C1E5F019D1E58C00096A8C /* TPDWazeMapsApp.m */ = {isa = PBXFileReference; fileEncoding = 4; lastKnownFileType = sourcecode.c.objc; path = TPDWazeMapsApp.m; sourceTree = "<group>"; };
		86C1E5F919D1EA0800096A8C /* TPDURLUtilities.m */ = {isa = PBXFileReference; fileEncoding = 4; lastKnownFileType = sourcecode.c.objc; path = TPDURLUtilities.m; sourceTree = "<group>"; };
		86C1E5FB19D1EA3700096A8C /* TPDURLUtilities.h */ = {isa = PBXFileReference; lastKnownFileType = sourcecode.c.h; path = TPDURLUtilities.h; sourceTree = "<group>"; };
		86C1E5FC19D1FDDE00096A8C /* TPDURLUtilitiesTests.m */ = {isa = PBXFileReference; fileEncoding = 4; lastKnownFileType = sourcecode.c.objc; path = TPDURLUtilitiesTests.m; sourceTree = "<group>"; };
		86DE9BE919C9033C00ADF38E /* TPDMapsApp.app */ = {isa = PBXFileReference; explicitFileType = wrapper.application; includeInIndex = 0; path = TPDMapsApp.app; sourceTree = BUILT_PRODUCTS_DIR; };
		86DE9BED19C9033C00ADF38E /* Info.plist */ = {isa = PBXFileReference; lastKnownFileType = text.plist.xml; path = Info.plist; sourceTree = "<group>"; };
		86DE9BEE19C9033C00ADF38E /* main.m */ = {isa = PBXFileReference; lastKnownFileType = sourcecode.c.objc; lineEnding = 0; path = main.m; sourceTree = "<group>"; xcLanguageSpecificationIdentifier = xcode.lang.objc; };
		86DE9BF019C9033C00ADF38E /* AppDelegate.h */ = {isa = PBXFileReference; lastKnownFileType = sourcecode.c.h; lineEnding = 0; path = AppDelegate.h; sourceTree = "<group>"; xcLanguageSpecificationIdentifier = xcode.lang.objcpp; };
		86DE9BF119C9033C00ADF38E /* AppDelegate.m */ = {isa = PBXFileReference; lastKnownFileType = sourcecode.c.objc; lineEnding = 0; path = AppDelegate.m; sourceTree = "<group>"; xcLanguageSpecificationIdentifier = xcode.lang.objc; };
		86DE9BF319C9033C00ADF38E /* ViewController.h */ = {isa = PBXFileReference; lastKnownFileType = sourcecode.c.h; lineEnding = 0; path = ViewController.h; sourceTree = "<group>"; xcLanguageSpecificationIdentifier = xcode.lang.objcpp; };
		86DE9BF419C9033C00ADF38E /* ViewController.m */ = {isa = PBXFileReference; lastKnownFileType = sourcecode.c.objc; lineEnding = 0; path = ViewController.m; sourceTree = "<group>"; xcLanguageSpecificationIdentifier = xcode.lang.objc; };
		86DE9BF719C9033C00ADF38E /* Base */ = {isa = PBXFileReference; lastKnownFileType = file.storyboard; name = Base; path = Base.lproj/Main.storyboard; sourceTree = "<group>"; };
		86DE9BF919C9033C00ADF38E /* Images.xcassets */ = {isa = PBXFileReference; lastKnownFileType = folder.assetcatalog; path = Images.xcassets; sourceTree = "<group>"; };
		86DE9BFC19C9033C00ADF38E /* Base */ = {isa = PBXFileReference; lastKnownFileType = file.xib; name = Base; path = Base.lproj/LaunchScreen.xib; sourceTree = "<group>"; };
		86DE9C0219C9033D00ADF38E /* TPDMapsAppTests.xctest */ = {isa = PBXFileReference; explicitFileType = wrapper.cfbundle; includeInIndex = 0; path = TPDMapsAppTests.xctest; sourceTree = BUILT_PRODUCTS_DIR; };
		86DE9C0719C9033D00ADF38E /* Info.plist */ = {isa = PBXFileReference; lastKnownFileType = text.plist.xml; path = Info.plist; sourceTree = "<group>"; };
		86DE9C0819C9033D00ADF38E /* TPDMapsAppTests.m */ = {isa = PBXFileReference; lastKnownFileType = sourcecode.c.objc; lineEnding = 0; path = TPDMapsAppTests.m; sourceTree = "<group>"; xcLanguageSpecificationIdentifier = xcode.lang.objc; };
/* End PBXFileReference section */

/* Begin PBXFrameworksBuildPhase section */
		86DE9BE619C9033C00ADF38E /* Frameworks */ = {
			isa = PBXFrameworksBuildPhase;
			buildActionMask = 2147483647;
			files = (
			);
			runOnlyForDeploymentPostprocessing = 0;
		};
		86DE9BFF19C9033D00ADF38E /* Frameworks */ = {
			isa = PBXFrameworksBuildPhase;
			buildActionMask = 2147483647;
			files = (
			);
			runOnlyForDeploymentPostprocessing = 0;
		};
/* End PBXFrameworksBuildPhase section */

/* Begin PBXGroup section */
		86C1E5E019D1E58C00096A8C /* TPDMapsApp */ = {
			isa = PBXGroup;
			children = (
				86C1E5E119D1E58C00096A8C /* TPDAppleMapsApp.h */,
				86C1E5E219D1E58C00096A8C /* TPDAppleMapsApp.m */,
				86C1E5E319D1E58C00096A8C /* TPDGoogleMapsApp.h */,
				86C1E5E419D1E58C00096A8C /* TPDGoogleMapsApp.m */,
				86C1E5E519D1E58C00096A8C /* TPDMapQuestMapsApp.h */,
				86C1E5E619D1E58C00096A8C /* TPDMapQuestMapsApp.m */,
				86C1E5E719D1E58C00096A8C /* TPDMapsApp.h */,
				86C1E5E819D1E58C00096A8C /* TPDMapsApp.m */,
				86C1E5E919D1E58C00096A8C /* TPDMotionXGPSMapsApp.h */,
				86C1E5EA19D1E58C00096A8C /* TPDMotionXGPSMapsApp.m */,
				86C1E5EB19D1E58C00096A8C /* TPDNavigonMapsApp.h */,
				86C1E5EC19D1E58C00096A8C /* TPDNavigonMapsApp.m */,
				86C1E5ED19D1E58C00096A8C /* TPDURLQueryItem.h */,
				86C1E5EE19D1E58C00096A8C /* TPDURLQueryItem.m */,
				86C1E5EF19D1E58C00096A8C /* TPDWazeMapsApp.h */,
				86C1E5F019D1E58C00096A8C /* TPDWazeMapsApp.m */,
				86C1E5FB19D1EA3700096A8C /* TPDURLUtilities.h */,
				86C1E5F919D1EA0800096A8C /* TPDURLUtilities.m */,
			);
			path = TPDMapsApp;
			sourceTree = "<group>";
		};
		86DE9BE019C9033C00ADF38E = {
			isa = PBXGroup;
			children = (
				86DE9BEB19C9033C00ADF38E /* TPDMapsApp */,
				86DE9C0519C9033D00ADF38E /* TPDMapsAppTests */,
				86DE9BEA19C9033C00ADF38E /* Products */,
			);
			sourceTree = "<group>";
		};
		86DE9BEA19C9033C00ADF38E /* Products */ = {
			isa = PBXGroup;
			children = (
				86DE9BE919C9033C00ADF38E /* TPDMapsApp.app */,
				86DE9C0219C9033D00ADF38E /* TPDMapsAppTests.xctest */,
			);
			name = Products;
			sourceTree = "<group>";
		};
		86DE9BEB19C9033C00ADF38E /* TPDMapsApp */ = {
			isa = PBXGroup;
			children = (
				86C1E5E019D1E58C00096A8C /* TPDMapsApp */,
				86DE9BF019C9033C00ADF38E /* AppDelegate.h */,
				86DE9BF119C9033C00ADF38E /* AppDelegate.m */,
				86DE9BF319C9033C00ADF38E /* ViewController.h */,
				86DE9BF419C9033C00ADF38E /* ViewController.m */,
				86DE9BF619C9033C00ADF38E /* Main.storyboard */,
				861FE3D819CBA1BE00839E53 /* ArrayUITableViewDataSource.h */,
				861FE3D919CBA1BE00839E53 /* ArrayUITableViewDataSource.m */,
				86DE9BF919C9033C00ADF38E /* Images.xcassets */,
				86DE9BFB19C9033C00ADF38E /* LaunchScreen.xib */,
				86DE9BEC19C9033C00ADF38E /* Supporting Files */,
			);
			path = TPDMapsApp;
			sourceTree = "<group>";
		};
		86DE9BEC19C9033C00ADF38E /* Supporting Files */ = {
			isa = PBXGroup;
			children = (
				86DE9BED19C9033C00ADF38E /* Info.plist */,
				86DE9BEE19C9033C00ADF38E /* main.m */,
			);
			name = "Supporting Files";
			sourceTree = "<group>";
		};
		86DE9C0519C9033D00ADF38E /* TPDMapsAppTests */ = {
			isa = PBXGroup;
			children = (
				86C1E5FC19D1FDDE00096A8C /* TPDURLUtilitiesTests.m */,
				86DE9C0819C9033D00ADF38E /* TPDMapsAppTests.m */,
				86DE9C0619C9033D00ADF38E /* Supporting Files */,
			);
			path = TPDMapsAppTests;
			sourceTree = "<group>";
		};
		86DE9C0619C9033D00ADF38E /* Supporting Files */ = {
			isa = PBXGroup;
			children = (
				86DE9C0719C9033D00ADF38E /* Info.plist */,
			);
			name = "Supporting Files";
			sourceTree = "<group>";
		};
/* End PBXGroup section */

/* Begin PBXNativeTarget section */
		86DE9BE819C9033C00ADF38E /* TPDMapsApp */ = {
			isa = PBXNativeTarget;
			buildConfigurationList = 86DE9C0C19C9033D00ADF38E /* Build configuration list for PBXNativeTarget "TPDMapsApp" */;
			buildPhases = (
				86DE9BE519C9033C00ADF38E /* Sources */,
				86DE9BE619C9033C00ADF38E /* Frameworks */,
				86DE9BE719C9033C00ADF38E /* Resources */,
			);
			buildRules = (
			);
			dependencies = (
			);
			name = TPDMapsApp;
			productName = TPDMapsApp;
			productReference = 86DE9BE919C9033C00ADF38E /* TPDMapsApp.app */;
			productType = "com.apple.product-type.application";
		};
		86DE9C0119C9033D00ADF38E /* TPDMapsAppTests */ = {
			isa = PBXNativeTarget;
			buildConfigurationList = 86DE9C0F19C9033D00ADF38E /* Build configuration list for PBXNativeTarget "TPDMapsAppTests" */;
			buildPhases = (
				86DE9BFE19C9033D00ADF38E /* Sources */,
				86DE9BFF19C9033D00ADF38E /* Frameworks */,
				86DE9C0019C9033D00ADF38E /* Resources */,
			);
			buildRules = (
			);
			dependencies = (
				86DE9C0419C9033D00ADF38E /* PBXTargetDependency */,
			);
			name = TPDMapsAppTests;
			productName = TPDMapsAppTests;
			productReference = 86DE9C0219C9033D00ADF38E /* TPDMapsAppTests.xctest */;
			productType = "com.apple.product-type.bundle.unit-test";
		};
/* End PBXNativeTarget section */

/* Begin PBXProject section */
		86DE9BE119C9033C00ADF38E /* Project object */ = {
			isa = PBXProject;
			attributes = {
				LastUpgradeCheck = 0600;
				ORGANIZATIONNAME = Tetherpad;
				TargetAttributes = {
					86DE9BE819C9033C00ADF38E = {
						CreatedOnToolsVersion = 6.0;
					};
					86DE9C0119C9033D00ADF38E = {
						CreatedOnToolsVersion = 6.0;
						TestTargetID = 86DE9BE819C9033C00ADF38E;
					};
				};
			};
			buildConfigurationList = 86DE9BE419C9033C00ADF38E /* Build configuration list for PBXProject "TPDMapsApp" */;
			compatibilityVersion = "Xcode 3.2";
			developmentRegion = English;
			hasScannedForEncodings = 0;
			knownRegions = (
				en,
				Base,
			);
			mainGroup = 86DE9BE019C9033C00ADF38E;
			productRefGroup = 86DE9BEA19C9033C00ADF38E /* Products */;
			projectDirPath = "";
			projectRoot = "";
			targets = (
				86DE9BE819C9033C00ADF38E /* TPDMapsApp */,
				86DE9C0119C9033D00ADF38E /* TPDMapsAppTests */,
			);
		};
/* End PBXProject section */

/* Begin PBXResourcesBuildPhase section */
		86DE9BE719C9033C00ADF38E /* Resources */ = {
			isa = PBXResourcesBuildPhase;
			buildActionMask = 2147483647;
			files = (
				86DE9BF819C9033C00ADF38E /* Main.storyboard in Resources */,
				86DE9BFD19C9033C00ADF38E /* LaunchScreen.xib in Resources */,
				86DE9BFA19C9033C00ADF38E /* Images.xcassets in Resources */,
			);
			runOnlyForDeploymentPostprocessing = 0;
		};
		86DE9C0019C9033D00ADF38E /* Resources */ = {
			isa = PBXResourcesBuildPhase;
			buildActionMask = 2147483647;
			files = (
			);
			runOnlyForDeploymentPostprocessing = 0;
		};
/* End PBXResourcesBuildPhase section */

/* Begin PBXSourcesBuildPhase section */
		86DE9BE519C9033C00ADF38E /* Sources */ = {
			isa = PBXSourcesBuildPhase;
			buildActionMask = 2147483647;
			files = (
				86C1E5F219D1E58C00096A8C /* TPDGoogleMapsApp.m in Sources */,
				86C1E5FA19D1EA0800096A8C /* TPDURLUtilities.m in Sources */,
				86C1E5F419D1E58C00096A8C /* TPDMapsApp.m in Sources */,
				86C1E5F619D1E58C00096A8C /* TPDNavigonMapsApp.m in Sources */,
				86C1E5F519D1E58C00096A8C /* TPDMotionXGPSMapsApp.m in Sources */,
				86C1E5F819D1E58C00096A8C /* TPDWazeMapsApp.m in Sources */,
				86C1E5F119D1E58C00096A8C /* TPDAppleMapsApp.m in Sources */,
				861FE3DA19CBA1BE00839E53 /* ArrayUITableViewDataSource.m in Sources */,
				86DE9BF519C9033C00ADF38E /* ViewController.m in Sources */,
				86DE9BF219C9033C00ADF38E /* AppDelegate.m in Sources */,
				86DE9BEF19C9033C00ADF38E /* main.m in Sources */,
				86C1E5F319D1E58C00096A8C /* TPDMapQuestMapsApp.m in Sources */,
				86C1E5F719D1E58C00096A8C /* TPDURLQueryItem.m in Sources */,
			);
			runOnlyForDeploymentPostprocessing = 0;
		};
		86DE9BFE19C9033D00ADF38E /* Sources */ = {
			isa = PBXSourcesBuildPhase;
			buildActionMask = 2147483647;
			files = (
				86DE9C0919C9033D00ADF38E /* TPDMapsAppTests.m in Sources */,
				86C1E5FD19D1FDDE00096A8C /* TPDURLUtilitiesTests.m in Sources */,
			);
			runOnlyForDeploymentPostprocessing = 0;
		};
/* End PBXSourcesBuildPhase section */

/* Begin PBXTargetDependency section */
		86DE9C0419C9033D00ADF38E /* PBXTargetDependency */ = {
			isa = PBXTargetDependency;
			target = 86DE9BE819C9033C00ADF38E /* TPDMapsApp */;
			targetProxy = 86DE9C0319C9033D00ADF38E /* PBXContainerItemProxy */;
		};
/* End PBXTargetDependency section */

/* Begin PBXVariantGroup section */
		86DE9BF619C9033C00ADF38E /* Main.storyboard */ = {
			isa = PBXVariantGroup;
			children = (
				86DE9BF719C9033C00ADF38E /* Base */,
			);
			name = Main.storyboard;
			sourceTree = "<group>";
		};
		86DE9BFB19C9033C00ADF38E /* LaunchScreen.xib */ = {
			isa = PBXVariantGroup;
			children = (
				86DE9BFC19C9033C00ADF38E /* Base */,
			);
			name = LaunchScreen.xib;
			sourceTree = "<group>";
		};
/* End PBXVariantGroup section */

/* Begin XCBuildConfiguration section */
		86DE9C0A19C9033D00ADF38E /* Debug */ = {
			isa = XCBuildConfiguration;
			buildSettings = {
				ALWAYS_SEARCH_USER_PATHS = NO;
				CLANG_ANALYZER_SECURITY_FLOATLOOPCOUNTER = YES;
				CLANG_ANALYZER_SECURITY_INSECUREAPI_RAND = YES;
				CLANG_ANALYZER_SECURITY_INSECUREAPI_STRCPY = YES;
				CLANG_CXX_LANGUAGE_STANDARD = "gnu++0x";
				CLANG_CXX_LIBRARY = "libc++";
				CLANG_ENABLE_MODULES = YES;
				CLANG_ENABLE_OBJC_ARC = YES;
				CLANG_WARN_ASSIGN_ENUM = YES;
				CLANG_WARN_BOOL_CONVERSION = YES;
				CLANG_WARN_CONSTANT_CONVERSION = YES;
				CLANG_WARN_DEPRECATED_OBJC_IMPLEMENTATIONS = YES;
				CLANG_WARN_DIRECT_OBJC_ISA_USAGE = YES_ERROR;
				CLANG_WARN_DOCUMENTATION_COMMENTS = YES;
				CLANG_WARN_EMPTY_BODY = YES;
				CLANG_WARN_ENUM_CONVERSION = YES;
				CLANG_WARN_IMPLICIT_SIGN_CONVERSION = YES;
				CLANG_WARN_INT_CONVERSION = YES;
				CLANG_WARN_OBJC_EXPLICIT_OWNERSHIP_TYPE = YES;
				CLANG_WARN_OBJC_IMPLICIT_ATOMIC_PROPERTIES = YES;
				CLANG_WARN_OBJC_IMPLICIT_RETAIN_SELF = YES;
				CLANG_WARN_OBJC_RECEIVER_WEAK = YES;
				CLANG_WARN_OBJC_REPEATED_USE_OF_WEAK = YES;
				CLANG_WARN_OBJC_ROOT_CLASS = YES_ERROR;
				CLANG_WARN_SUSPICIOUS_IMPLICIT_CONVERSION = YES;
				CLANG_WARN_UNREACHABLE_CODE = YES;
				CLANG_WARN__DUPLICATE_METHOD_MATCH = YES;
				"CODE_SIGN_IDENTITY[sdk=iphoneos*]" = "iPhone Developer";
				COPY_PHASE_STRIP = NO;
				ENABLE_STRICT_OBJC_MSGSEND = YES;
				GCC_C_LANGUAGE_STANDARD = "compiler-default";
				GCC_DYNAMIC_NO_PIC = NO;
				GCC_OPTIMIZATION_LEVEL = 0;
				GCC_PREPROCESSOR_DEFINITIONS = (
					"DEBUG=1",
					"$(inherited)",
				);
				GCC_SYMBOLS_PRIVATE_EXTERN = NO;
				GCC_TREAT_IMPLICIT_FUNCTION_DECLARATIONS_AS_ERRORS = YES;
				GCC_TREAT_INCOMPATIBLE_POINTER_TYPE_WARNINGS_AS_ERRORS = YES;
				GCC_WARN_64_TO_32_BIT_CONVERSION = YES;
				GCC_WARN_ABOUT_MISSING_FIELD_INITIALIZERS = YES;
				GCC_WARN_ABOUT_MISSING_NEWLINE = YES;
				GCC_WARN_ABOUT_MISSING_PROTOTYPES = YES;
				GCC_WARN_ABOUT_RETURN_TYPE = YES_ERROR;
				GCC_WARN_FOUR_CHARACTER_CONSTANTS = YES;
				GCC_WARN_INITIALIZER_NOT_FULLY_BRACKETED = YES;
				GCC_WARN_SHADOW = YES;
				GCC_WARN_SIGN_COMPARE = YES;
				GCC_WARN_UNDECLARED_SELECTOR = YES;
				GCC_WARN_UNINITIALIZED_AUTOS = YES_AGGRESSIVE;
				GCC_WARN_UNKNOWN_PRAGMAS = YES;
				GCC_WARN_UNUSED_FUNCTION = YES;
				GCC_WARN_UNUSED_LABEL = YES;
				GCC_WARN_UNUSED_VARIABLE = YES;
				IPHONEOS_DEPLOYMENT_TARGET = 7.1;
				MTL_ENABLE_DEBUG_INFO = YES;
				ONLY_ACTIVE_ARCH = YES;
				SDKROOT = iphoneos;
				TARGETED_DEVICE_FAMILY = "1,2";
			};
			name = Debug;
		};
		86DE9C0B19C9033D00ADF38E /* Release */ = {
			isa = XCBuildConfiguration;
			buildSettings = {
				ALWAYS_SEARCH_USER_PATHS = NO;
				CLANG_ANALYZER_SECURITY_FLOATLOOPCOUNTER = YES;
				CLANG_ANALYZER_SECURITY_INSECUREAPI_RAND = YES;
				CLANG_ANALYZER_SECURITY_INSECUREAPI_STRCPY = YES;
				CLANG_CXX_LANGUAGE_STANDARD = "gnu++0x";
				CLANG_CXX_LIBRARY = "libc++";
				CLANG_ENABLE_MODULES = YES;
				CLANG_ENABLE_OBJC_ARC = YES;
				CLANG_WARN_ASSIGN_ENUM = YES;
				CLANG_WARN_BOOL_CONVERSION = YES;
				CLANG_WARN_CONSTANT_CONVERSION = YES;
				CLANG_WARN_DEPRECATED_OBJC_IMPLEMENTATIONS = YES;
				CLANG_WARN_DIRECT_OBJC_ISA_USAGE = YES_ERROR;
				CLANG_WARN_DOCUMENTATION_COMMENTS = YES;
				CLANG_WARN_EMPTY_BODY = YES;
				CLANG_WARN_ENUM_CONVERSION = YES;
				CLANG_WARN_IMPLICIT_SIGN_CONVERSION = YES;
				CLANG_WARN_INT_CONVERSION = YES;
				CLANG_WARN_OBJC_EXPLICIT_OWNERSHIP_TYPE = YES;
				CLANG_WARN_OBJC_IMPLICIT_ATOMIC_PROPERTIES = YES;
				CLANG_WARN_OBJC_IMPLICIT_RETAIN_SELF = YES;
				CLANG_WARN_OBJC_RECEIVER_WEAK = YES;
				CLANG_WARN_OBJC_REPEATED_USE_OF_WEAK = YES;
				CLANG_WARN_OBJC_ROOT_CLASS = YES_ERROR;
				CLANG_WARN_SUSPICIOUS_IMPLICIT_CONVERSION = YES;
				CLANG_WARN_UNREACHABLE_CODE = YES;
				CLANG_WARN__DUPLICATE_METHOD_MATCH = YES;
				"CODE_SIGN_IDENTITY[sdk=iphoneos*]" = "iPhone Developer";
				COPY_PHASE_STRIP = YES;
				ENABLE_NS_ASSERTIONS = NO;
				ENABLE_STRICT_OBJC_MSGSEND = YES;
				GCC_C_LANGUAGE_STANDARD = "compiler-default";
				GCC_TREAT_IMPLICIT_FUNCTION_DECLARATIONS_AS_ERRORS = YES;
				GCC_TREAT_INCOMPATIBLE_POINTER_TYPE_WARNINGS_AS_ERRORS = YES;
				GCC_WARN_64_TO_32_BIT_CONVERSION = YES;
				GCC_WARN_ABOUT_MISSING_FIELD_INITIALIZERS = YES;
				GCC_WARN_ABOUT_MISSING_NEWLINE = YES;
				GCC_WARN_ABOUT_MISSING_PROTOTYPES = YES;
				GCC_WARN_ABOUT_RETURN_TYPE = YES_ERROR;
				GCC_WARN_FOUR_CHARACTER_CONSTANTS = YES;
				GCC_WARN_INITIALIZER_NOT_FULLY_BRACKETED = YES;
				GCC_WARN_SHADOW = YES;
				GCC_WARN_SIGN_COMPARE = YES;
				GCC_WARN_UNDECLARED_SELECTOR = YES;
				GCC_WARN_UNINITIALIZED_AUTOS = YES_AGGRESSIVE;
				GCC_WARN_UNKNOWN_PRAGMAS = YES;
				GCC_WARN_UNUSED_FUNCTION = YES;
				GCC_WARN_UNUSED_LABEL = YES;
				GCC_WARN_UNUSED_VARIABLE = YES;
				IPHONEOS_DEPLOYMENT_TARGET = 7.1;
				MTL_ENABLE_DEBUG_INFO = NO;
				SDKROOT = iphoneos;
				TARGETED_DEVICE_FAMILY = "1,2";
				VALIDATE_PRODUCT = YES;
			};
			name = Release;
		};
		86DE9C0D19C9033D00ADF38E /* Debug */ = {
			isa = XCBuildConfiguration;
			buildSettings = {
				ASSETCATALOG_COMPILER_APPICON_NAME = AppIcon;
				INFOPLIST_FILE = TPDMapsApp/Info.plist;
				LD_RUNPATH_SEARCH_PATHS = "$(inherited) @executable_path/Frameworks";
				PRODUCT_NAME = "$(TARGET_NAME)";
			};
			name = Debug;
		};
		86DE9C0E19C9033D00ADF38E /* Release */ = {
			isa = XCBuildConfiguration;
			buildSettings = {
				ASSETCATALOG_COMPILER_APPICON_NAME = AppIcon;
				INFOPLIST_FILE = TPDMapsApp/Info.plist;
				LD_RUNPATH_SEARCH_PATHS = "$(inherited) @executable_path/Frameworks";
				PRODUCT_NAME = "$(TARGET_NAME)";
			};
			name = Release;
		};
		86DE9C1019C9033D00ADF38E /* Debug */ = {
			isa = XCBuildConfiguration;
			buildSettings = {
				BUNDLE_LOADER = "$(TEST_HOST)";
				FRAMEWORK_SEARCH_PATHS = (
					"$(SDKROOT)/Developer/Library/Frameworks",
					"$(inherited)",
				);
				GCC_PREPROCESSOR_DEFINITIONS = (
					"DEBUG=1",
					"$(inherited)",
				);
				INFOPLIST_FILE = TPDMapsAppTests/Info.plist;
				LD_RUNPATH_SEARCH_PATHS = "$(inherited) @executable_path/Frameworks @loader_path/Frameworks";
				PRODUCT_NAME = "$(TARGET_NAME)";
				TEST_HOST = "$(BUILT_PRODUCTS_DIR)/TPDMapsApp.app/TPDMapsApp";
			};
			name = Debug;
		};
		86DE9C1119C9033D00ADF38E /* Release */ = {
			isa = XCBuildConfiguration;
			buildSettings = {
				BUNDLE_LOADER = "$(TEST_HOST)";
				FRAMEWORK_SEARCH_PATHS = (
					"$(SDKROOT)/Developer/Library/Frameworks",
					"$(inherited)",
				);
				INFOPLIST_FILE = TPDMapsAppTests/Info.plist;
				LD_RUNPATH_SEARCH_PATHS = "$(inherited) @executable_path/Frameworks @loader_path/Frameworks";
				PRODUCT_NAME = "$(TARGET_NAME)";
				TEST_HOST = "$(BUILT_PRODUCTS_DIR)/TPDMapsApp.app/TPDMapsApp";
			};
			name = Release;
		};
/* End XCBuildConfiguration section */

/* Begin XCConfigurationList section */
		86DE9BE419C9033C00ADF38E /* Build configuration list for PBXProject "TPDMapsApp" */ = {
			isa = XCConfigurationList;
			buildConfigurations = (
				86DE9C0A19C9033D00ADF38E /* Debug */,
				86DE9C0B19C9033D00ADF38E /* Release */,
			);
			defaultConfigurationIsVisible = 0;
			defaultConfigurationName = Release;
		};
		86DE9C0C19C9033D00ADF38E /* Build configuration list for PBXNativeTarget "TPDMapsApp" */ = {
			isa = XCConfigurationList;
			buildConfigurations = (
				86DE9C0D19C9033D00ADF38E /* Debug */,
				86DE9C0E19C9033D00ADF38E /* Release */,
			);
			defaultConfigurationIsVisible = 0;
			defaultConfigurationName = Release;
		};
		86DE9C0F19C9033D00ADF38E /* Build configuration list for PBXNativeTarget "TPDMapsAppTests" */ = {
			isa = XCConfigurationList;
			buildConfigurations = (
				86DE9C1019C9033D00ADF38E /* Debug */,
				86DE9C1119C9033D00ADF38E /* Release */,
			);
			defaultConfigurationIsVisible = 0;
			defaultConfigurationName = Release;
		};
/* End XCConfigurationList section */
	};
	rootObject = 86DE9BE119C9033C00ADF38E /* Project object */;
}
